
Microsoft Visual Studio Solution File, Format Version 12.00
# Visual Studio 15
VisualStudioVersion = 15.0.28307.106
MinimumVisualStudioVersion = 10.0.40219.1
Project("{FAE04EC0-301F-11D3-BF4B-00C04F79EFBC}") = "DGML Generator", "DGML Generator\DGML Generator.csproj", "{018F76AA-E345-47E8-9929-70FDF2EADA97}"
EndProject
Project("{FAE04EC0-301F-11D3-BF4B-00C04F79EFBC}") = "DGML Generator Library", "DGML Generator Library\DGML Generator Library.csproj", "{3F85B877-3FE2-4ABD-88CA-968CFFCF54FF}"
EndProject
Project("{FAE04EC0-301F-11D3-BF4B-00C04F79EFBC}") = "DGML Generator Plugin Definition", "DGML Generator Plugin Definition\DGML Generator Plugin Definition.csproj", "{D2F5B62F-072D-43AF-8F9B-13334529B676}"
EndProject
Global
	GlobalSection(SolutionConfigurationPlatforms) = preSolution
		Debug|Any CPU = Debug|Any CPU
		Debug|x64 = Debug|x64
		Debug|x86 = Debug|x86
		Release|Any CPU = Release|Any CPU
		Release|x64 = Release|x64
		Release|x86 = Release|x86
	EndGlobalSection
	GlobalSection(ProjectConfigurationPlatforms) = postSolution
		{018F76AA-E345-47E8-9929-70FDF2EADA97}.Debug|Any CPU.ActiveCfg = Debug|Any CPU
		{018F76AA-E345-47E8-9929-70FDF2EADA97}.Debug|Any CPU.Build.0 = Debug|Any CPU
		{018F76AA-E345-47E8-9929-70FDF2EADA97}.Debug|x64.ActiveCfg = Debug|x64
		{018F76AA-E345-47E8-9929-70FDF2EADA97}.Debug|x64.Build.0 = Debug|x64
		{018F76AA-E345-47E8-9929-70FDF2EADA97}.Debug|x86.ActiveCfg = Debug|x86
		{018F76AA-E345-47E8-9929-70FDF2EADA97}.Debug|x86.Build.0 = Debug|x86
		{018F76AA-E345-47E8-9929-70FDF2EADA97}.Release|Any CPU.ActiveCfg = Release|Any CPU
		{018F76AA-E345-47E8-9929-70FDF2EADA97}.Release|Any CPU.Build.0 = Release|Any CPU
		{018F76AA-E345-47E8-9929-70FDF2EADA97}.Release|x64.ActiveCfg = Release|x64
		{018F76AA-E345-47E8-9929-70FDF2EADA97}.Release|x64.Build.0 = Release|x64
		{018F76AA-E345-47E8-9929-70FDF2EADA97}.Release|x86.ActiveCfg = Release|x86
		{018F76AA-E345-47E8-9929-70FDF2EADA97}.Release|x86.Build.0 = Release|x86
		{3F85B877-3FE2-4ABD-88CA-968CFFCF54FF}.Debug|Any CPU.ActiveCfg = Debug|Any CPU
		{3F85B877-3FE2-4ABD-88CA-968CFFCF54FF}.Debug|Any CPU.Build.0 = Debug|Any CPU
		{3F85B877-3FE2-4ABD-88CA-968CFFCF54FF}.Debug|x64.ActiveCfg = Debug|x64
		{3F85B877-3FE2-4ABD-88CA-968CFFCF54FF}.Debug|x64.Build.0 = Debug|x64
		{3F85B877-3FE2-4ABD-88CA-968CFFCF54FF}.Debug|x86.ActiveCfg = Debug|x86
		{3F85B877-3FE2-4ABD-88CA-968CFFCF54FF}.Debug|x86.Build.0 = Debug|x86
		{3F85B877-3FE2-4ABD-88CA-968CFFCF54FF}.Release|Any CPU.ActiveCfg = Release|Any CPU
		{3F85B877-3FE2-4ABD-88CA-968CFFCF54FF}.Release|Any CPU.Build.0 = Release|Any CPU
		{3F85B877-3FE2-4ABD-88CA-968CFFCF54FF}.Release|x64.ActiveCfg = Release|x64
		{3F85B877-3FE2-4ABD-88CA-968CFFCF54FF}.Release|x64.Build.0 = Release|x64
		{3F85B877-3FE2-4ABD-88CA-968CFFCF54FF}.Release|x86.ActiveCfg = Release|x86
		{3F85B877-3FE2-4ABD-88CA-968CFFCF54FF}.Release|x86.Build.0 = Release|x86
		{D2F5B62F-072D-43AF-8F9B-13334529B676}.Debug|Any CPU.ActiveCfg = Debug|Any CPU
		{D2F5B62F-072D-43AF-8F9B-13334529B676}.Debug|Any CPU.Build.0 = Debug|Any CPU
		{D2F5B62F-072D-43AF-8F9B-13334529B676}.Debug|x64.ActiveCfg = Debug|x64
		{D2F5B62F-072D-43AF-8F9B-13334529B676}.Debug|x64.Build.0 = Debug|x64
		{D2F5B62F-072D-43AF-8F9B-13334529B676}.Debug|x86.ActiveCfg = Debug|x86
		{D2F5B62F-072D-43AF-8F9B-13334529B676}.Debug|x86.Build.0 = Debug|x86
		{D2F5B62F-072D-43AF-8F9B-13334529B676}.Release|Any CPU.ActiveCfg = Release|Any CPU
		{D2F5B62F-072D-43AF-8F9B-13334529B676}.Release|Any CPU.Build.0 = Release|Any CPU
		{D2F5B62F-072D-43AF-8F9B-13334529B676}.Release|x64.ActiveCfg = Release|x64
		{D2F5B62F-072D-43AF-8F9B-13334529B676}.Release|x64.Build.0 = Release|x64
		{D2F5B62F-072D-43AF-8F9B-13334529B676}.Release|x86.ActiveCfg = Release|x86
		{D2F5B62F-072D-43AF-8F9B-13334529B676}.Release|x86.Build.0 = Release|x86
	EndGlobalSection
	GlobalSection(SolutionProperties) = preSolution
		HideSolutionNode = FALSE
	EndGlobalSection
	GlobalSection(ExtensibilityGlobals) = postSolution
		SolutionGuid = {30A33107-38B1-4C6F-AFC5-8C63066EE9D5}
	EndGlobalSection
EndGlobal
